
Microsoft Visual Studio Solution File, Format Version 12.00
# Visual Studio Version 17
VisualStudioVersion = 17.5.001.0
MinimumVisualStudioVersion = 10.0.40219.1
Project("{9A19103F-16F7-4668-BE54-9A1E7A4F7556}") = "CSharp", "CSharp.csproj", "{1522CC58-68DF-4814-8FCE-5ECFF1807ADD}"
EndProject
Global
	GlobalSection(SolutionProperties) = preSolution
		HideSolutionNode = FALSE
	EndGlobalSection
	GlobalSection(ExtensibilityGlobals) = postSolution
		SolutionGuid = {4819F636-3370-48D5-80A2-3FFEE3109ABC}
	EndGlobalSection
	GlobalSection(SolutionConfigurationPlatforms) = preSolution
		Debug|Any CPU = Debug|Any CPU
		Debug|x64 = Debug|x64
		Debug|x86 = Debug|x86
		Release|Any CPU = Release|Any CPU
		Release|x64 = Release|x64
		Release|x86 = Release|x86
	EndGlobalSection
	GlobalSection(ProjectConfigurationPlatforms) = postSolution
		{1522CC58-68DF-4814-8FCE-5ECFF1807ADD}.Debug|Any CPU.ActiveCfg = Debug|Any CPU
		{1522CC58-68DF-4814-8FCE-5ECFF1807ADD}.Debug|Any CPU.Build.0 = Debug|Any CPU
		{1522CC58-68DF-4814-8FCE-5ECFF1807ADD}.Debug|x64.ActiveCfg = Debug|Any CPU
		{1522CC58-68DF-4814-8FCE-5ECFF1807ADD}.Debug|x64.Build.0 = Debug|Any CPU
		{1522CC58-68DF-4814-8FCE-5ECFF1807ADD}.Debug|x86.ActiveCfg = Debug|Any CPU
		{1522CC58-68DF-4814-8FCE-5ECFF1807ADD}.Debug|x86.Build.0 = Debug|Any CPU
		{1522CC58-68DF-4814-8FCE-5ECFF1807ADD}.Release|Any CPU.ActiveCfg = Release|Any CPU
		{1522CC58-68DF-4814-8FCE-5ECFF1807ADD}.Release|Any CPU.Build.0 = Release|Any CPU
		{1522CC58-68DF-4814-8FCE-5ECFF1807ADD}.Release|x64.ActiveCfg = Release|Any CPU
		{1522CC58-68DF-4814-8FCE-5ECFF1807ADD}.Release|x64.Build.0 = Release|Any CPU
		{1522CC58-68DF-4814-8FCE-5ECFF1807ADD}.Release|x86.ActiveCfg = Release|Any CPU
		{1522CC58-68DF-4814-8FCE-5ECFF1807ADD}.Release|x86.Build.0 = Release|Any CPU
	EndGlobalSection
EndGlobal
