
Microsoft Visual Studio Solution File, Format Version 12.00
# Visual Studio Version 17
VisualStudioVersion = 17.5.001.0
MinimumVisualStudioVersion = 10.0.40219.1
Project("{9A19103F-16F7-4668-BE54-9A1E7A4F7556}") = "c#-app", "c#-app.csproj", "{E66BFC28-5E8C-4938-9D52-434F2B23722B}"
EndProject
Global
	GlobalSection(SolutionConfigurationPlatforms) = preSolution
		Debug|Any CPU = Debug|Any CPU
		Release|Any CPU = Release|Any CPU
	EndGlobalSection
	GlobalSection(ProjectConfigurationPlatforms) = postSolution
		{E66BFC28-5E8C-4938-9D52-434F2B23722B}.Debug|Any CPU.ActiveCfg = Debug|Any CPU
		{E66BFC28-5E8C-4938-9D52-434F2B23722B}.Debug|Any CPU.Build.0 = Debug|Any CPU
		{E66BFC28-5E8C-4938-9D52-434F2B23722B}.Release|Any CPU.ActiveCfg = Release|Any CPU
		{E66BFC28-5E8C-4938-9D52-434F2B23722B}.Release|Any CPU.Build.0 = Release|Any CPU
	EndGlobalSection
	GlobalSection(SolutionProperties) = preSolution
		HideSolutionNode = FALSE
	EndGlobalSection
	GlobalSection(ExtensibilityGlobals) = postSolution
		SolutionGuid = {4819F636-3370-48D5-80A2-3FFEE3109ABC}
	EndGlobalSection
EndGlobal
